// !$*UTF8*$!
{
	archiveVersion = 1;
	classes = {
	};
	objectVersion = 55;
	objects = {

/* Begin PBXBuildFile section */
		060295F0273C077C00241D1E /* AppDelegate.swift in Sources */ = {isa = PBXBuildFile; fileRef = 060295EF273C077C00241D1E /* AppDelegate.swift */; };
		060295F2273C077C00241D1E /* SceneDelegate.swift in Sources */ = {isa = PBXBuildFile; fileRef = 060295F1273C077C00241D1E /* SceneDelegate.swift */; };
		060295F4273C077C00241D1E /* ViewController.swift in Sources */ = {isa = PBXBuildFile; fileRef = 060295F3273C077C00241D1E /* ViewController.swift */; };
		060295F7273C077C00241D1E /* Main.storyboard in Resources */ = {isa = PBXBuildFile; fileRef = 060295F5273C077C00241D1E /* Main.storyboard */; };
		060295F9273C077E00241D1E /* Assets.xcassets in Resources */ = {isa = PBXBuildFile; fileRef = 060295F8273C077E00241D1E /* Assets.xcassets */; };
		060295FC273C077E00241D1E /* LaunchScreen.storyboard in Resources */ = {isa = PBXBuildFile; fileRef = 060295FA273C077E00241D1E /* LaunchScreen.storyboard */; };
		06029609273C164F00241D1E /* ViewController+alertController.swift in Sources */ = {isa = PBXBuildFile; fileRef = 06029608273C164F00241D1E /* ViewController+alertController.swift */; };
		0602960B273C320500241D1E /* NetworkWeatherManager.swift in Sources */ = {isa = PBXBuildFile; fileRef = 0602960A273C320500241D1E /* NetworkWeatherManager.swift */; };
		0602960D273C332500241D1E /* Constants.swift in Sources */ = {isa = PBXBuildFile; fileRef = 0602960C273C332500241D1E /* Constants.swift */; };
		0602960F273D2E9400241D1E /* CurrentWeatherData.swift in Sources */ = {isa = PBXBuildFile; fileRef = 0602960E273D2E9400241D1E /* CurrentWeatherData.swift */; };
		06029611273D37D800241D1E /* CurrentWeather.swift in Sources */ = {isa = PBXBuildFile; fileRef = 06029610273D37D800241D1E /* CurrentWeather.swift */; };
/* End PBXBuildFile section */

/* Begin PBXFileReference section */
		060295EC273C077C00241D1E /* WeatherApp.app */ = {isa = PBXFileReference; explicitFileType = wrapper.application; includeInIndex = 0; path = WeatherApp.app; sourceTree = BUILT_PRODUCTS_DIR; };
		060295EF273C077C00241D1E /* AppDelegate.swift */ = {isa = PBXFileReference; lastKnownFileType = sourcecode.swift; path = AppDelegate.swift; sourceTree = "<group>"; };
		060295F1273C077C00241D1E /* SceneDelegate.swift */ = {isa = PBXFileReference; lastKnownFileType = sourcecode.swift; path = SceneDelegate.swift; sourceTree = "<group>"; };
		060295F3273C077C00241D1E /* ViewController.swift */ = {isa = PBXFileReference; lastKnownFileType = sourcecode.swift; path = ViewController.swift; sourceTree = "<group>"; };
		060295F6273C077C00241D1E /* Base */ = {isa = PBXFileReference; lastKnownFileType = file.storyboard; name = Base; path = Base.lproj/Main.storyboard; sourceTree = "<group>"; };
		060295F8273C077E00241D1E /* Assets.xcassets */ = {isa = PBXFileReference; lastKnownFileType = folder.assetcatalog; path = Assets.xcassets; sourceTree = "<group>"; };
		060295FB273C077E00241D1E /* Base */ = {isa = PBXFileReference; lastKnownFileType = file.storyboard; name = Base; path = Base.lproj/LaunchScreen.storyboard; sourceTree = "<group>"; };
		060295FD273C077E00241D1E /* Info.plist */ = {isa = PBXFileReference; lastKnownFileType = text.plist.xml; path = Info.plist; sourceTree = "<group>"; };
		06029608273C164F00241D1E /* ViewController+alertController.swift */ = {isa = PBXFileReference; lastKnownFileType = sourcecode.swift; path = "ViewController+alertController.swift"; sourceTree = "<group>"; };
		0602960A273C320500241D1E /* NetworkWeatherManager.swift */ = {isa = PBXFileReference; lastKnownFileType = sourcecode.swift; path = NetworkWeatherManager.swift; sourceTree = "<group>"; };
		0602960C273C332500241D1E /* Constants.swift */ = {isa = PBXFileReference; lastKnownFileType = sourcecode.swift; path = Constants.swift; sourceTree = "<group>"; };
		0602960E273D2E9400241D1E /* CurrentWeatherData.swift */ = {isa = PBXFileReference; lastKnownFileType = sourcecode.swift; path = CurrentWeatherData.swift; sourceTree = "<group>"; };
		06029610273D37D800241D1E /* CurrentWeather.swift */ = {isa = PBXFileReference; lastKnownFileType = sourcecode.swift; path = CurrentWeather.swift; sourceTree = "<group>"; };
/* End PBXFileReference section */

/* Begin PBXFrameworksBuildPhase section */
		060295E9273C077C00241D1E /* Frameworks */ = {
			isa = PBXFrameworksBuildPhase;
			buildActionMask = 2147483647;
			files = (
			);
			runOnlyForDeploymentPostprocessing = 0;
		};
/* End PBXFrameworksBuildPhase section */

/* Begin PBXGroup section */
		060295E3273C077C00241D1E = {
			isa = PBXGroup;
			children = (
				060295EE273C077C00241D1E /* WeatherApp */,
				060295ED273C077C00241D1E /* Products */,
			);
			sourceTree = "<group>";
		};
		060295ED273C077C00241D1E /* Products */ = {
			isa = PBXGroup;
			children = (
				060295EC273C077C00241D1E /* WeatherApp.app */,
			);
			name = Products;
			sourceTree = "<group>";
		};
		060295EE273C077C00241D1E /* WeatherApp */ = {
			isa = PBXGroup;
			children = (
				06029607273C161300241D1E /* Extensions */,
				06029606273C07E200241D1E /* Supporting files */,
				06029605273C07DB00241D1E /* Controller */,
				06029604273C07D400241D1E /* View */,
				06029603273C07CC00241D1E /* Model */,
			);
			path = WeatherApp;
			sourceTree = "<group>";
		};
		06029603273C07CC00241D1E /* Model */ = {
			isa = PBXGroup;
			children = (
				0602960A273C320500241D1E /* NetworkWeatherManager.swift */,
				0602960E273D2E9400241D1E /* CurrentWeatherData.swift */,
				06029610273D37D800241D1E /* CurrentWeather.swift */,
			);
			path = Model;
			sourceTree = "<group>";
		};
		06029604273C07D400241D1E /* View */ = {
			isa = PBXGroup;
			children = (
				060295F5273C077C00241D1E /* Main.storyboard */,
				060295FA273C077E00241D1E /* LaunchScreen.storyboard */,
			);
			path = View;
			sourceTree = "<group>";
		};
		06029605273C07DB00241D1E /* Controller */ = {
			isa = PBXGroup;
			children = (
				060295F3273C077C00241D1E /* ViewController.swift */,
			);
			path = Controller;
			sourceTree = "<group>";
		};
		06029606273C07E200241D1E /* Supporting files */ = {
			isa = PBXGroup;
			children = (
				060295EF273C077C00241D1E /* AppDelegate.swift */,
				060295F1273C077C00241D1E /* SceneDelegate.swift */,
				060295F8273C077E00241D1E /* Assets.xcassets */,
				060295FD273C077E00241D1E /* Info.plist */,
				0602960C273C332500241D1E /* Constants.swift */,
			);
			path = "Supporting files";
			sourceTree = "<group>";
		};
		06029607273C161300241D1E /* Extensions */ = {
			isa = PBXGroup;
			children = (
				06029608273C164F00241D1E /* ViewController+alertController.swift */,
			);
			path = Extensions;
			sourceTree = "<group>";
		};
/* End PBXGroup section */

/* Begin PBXNativeTarget section */
		060295EB273C077C00241D1E /* WeatherApp */ = {
			isa = PBXNativeTarget;
			buildConfigurationList = 06029600273C077E00241D1E /* Build configuration list for PBXNativeTarget "WeatherApp" */;
			buildPhases = (
				060295E8273C077C00241D1E /* Sources */,
				060295E9273C077C00241D1E /* Frameworks */,
				060295EA273C077C00241D1E /* Resources */,
			);
			buildRules = (
			);
			dependencies = (
			);
			name = WeatherApp;
			productName = WeatherApp;
			productReference = 060295EC273C077C00241D1E /* WeatherApp.app */;
			productType = "com.apple.product-type.application";
		};
/* End PBXNativeTarget section */

/* Begin PBXProject section */
		060295E4273C077C00241D1E /* Project object */ = {
			isa = PBXProject;
			attributes = {
				BuildIndependentTargetsInParallel = 1;
				LastSwiftUpdateCheck = 1310;
				LastUpgradeCheck = 1310;
				TargetAttributes = {
					060295EB273C077C00241D1E = {
						CreatedOnToolsVersion = 13.1;
					};
				};
			};
			buildConfigurationList = 060295E7273C077C00241D1E /* Build configuration list for PBXProject "WeatherApp" */;
			compatibilityVersion = "Xcode 13.0";
			developmentRegion = en;
			hasScannedForEncodings = 0;
			knownRegions = (
				en,
				Base,
			);
			mainGroup = 060295E3273C077C00241D1E;
			productRefGroup = 060295ED273C077C00241D1E /* Products */;
			projectDirPath = "";
			projectRoot = "";
			targets = (
				060295EB273C077C00241D1E /* WeatherApp */,
			);
		};
/* End PBXProject section */

/* Begin PBXResourcesBuildPhase section */
		060295EA273C077C00241D1E /* Resources */ = {
			isa = PBXResourcesBuildPhase;
			buildActionMask = 2147483647;
			files = (
				060295FC273C077E00241D1E /* LaunchScreen.storyboard in Resources */,
				060295F9273C077E00241D1E /* Assets.xcassets in Resources */,
				060295F7273C077C00241D1E /* Main.storyboard in Resources */,
			);
			runOnlyForDeploymentPostprocessing = 0;
		};
/* End PBXResourcesBuildPhase section */

/* Begin PBXSourcesBuildPhase section */
		060295E8273C077C00241D1E /* Sources */ = {
			isa = PBXSourcesBuildPhase;
			buildActionMask = 2147483647;
			files = (
				060295F4273C077C00241D1E /* ViewController.swift in Sources */,
				06029609273C164F00241D1E /* ViewController+alertController.swift in Sources */,
				06029611273D37D800241D1E /* CurrentWeather.swift in Sources */,
				0602960B273C320500241D1E /* NetworkWeatherManager.swift in Sources */,
				060295F0273C077C00241D1E /* AppDelegate.swift in Sources */,
				060295F2273C077C00241D1E /* SceneDelegate.swift in Sources */,
				0602960F273D2E9400241D1E /* CurrentWeatherData.swift in Sources */,
				0602960D273C332500241D1E /* Constants.swift in Sources */,
			);
			runOnlyForDeploymentPostprocessing = 0;
		};
/* End PBXSourcesBuildPhase section */

/* Begin PBXVariantGroup section */
		060295F5273C077C00241D1E /* Main.storyboard */ = {
			isa = PBXVariantGroup;
			children = (
				060295F6273C077C00241D1E /* Base */,
			);
			name = Main.storyboard;
			sourceTree = "<group>";
		};
		060295FA273C077E00241D1E /* LaunchScreen.storyboard */ = {
			isa = PBXVariantGroup;
			children = (
				060295FB273C077E00241D1E /* Base */,
			);
			name = LaunchScreen.storyboard;
			sourceTree = "<group>";
		};
/* End PBXVariantGroup section */

/* Begin XCBuildConfiguration section */
		060295FE273C077E00241D1E /* Debug */ = {
			isa = XCBuildConfiguration;
			buildSettings = {
				ALWAYS_SEARCH_USER_PATHS = NO;
				CLANG_ANALYZER_NONNULL = YES;
				CLANG_ANALYZER_NUMBER_OBJECT_CONVERSION = YES_AGGRESSIVE;
				CLANG_CXX_LANGUAGE_STANDARD = "gnu++17";
				CLANG_CXX_LIBRARY = "libc++";
				CLANG_ENABLE_MODULES = YES;
				CLANG_ENABLE_OBJC_ARC = YES;
				CLANG_ENABLE_OBJC_WEAK = YES;
				CLANG_WARN_BLOCK_CAPTURE_AUTORELEASING = YES;
				CLANG_WARN_BOOL_CONVERSION = YES;
				CLANG_WARN_COMMA = YES;
				CLANG_WARN_CONSTANT_CONVERSION = YES;
				CLANG_WARN_DEPRECATED_OBJC_IMPLEMENTATIONS = YES;
				CLANG_WARN_DIRECT_OBJC_ISA_USAGE = YES_ERROR;
				CLANG_WARN_DOCUMENTATION_COMMENTS = YES;
				CLANG_WARN_EMPTY_BODY = YES;
				CLANG_WARN_ENUM_CONVERSION = YES;
				CLANG_WARN_INFINITE_RECURSION = YES;
				CLANG_WARN_INT_CONVERSION = YES;
				CLANG_WARN_NON_LITERAL_NULL_CONVERSION = YES;
				CLANG_WARN_OBJC_IMPLICIT_RETAIN_SELF = YES;
				CLANG_WARN_OBJC_LITERAL_CONVERSION = YES;
				CLANG_WARN_OBJC_ROOT_CLASS = YES_ERROR;
				CLANG_WARN_QUOTED_INCLUDE_IN_FRAMEWORK_HEADER = YES;
				CLANG_WARN_RANGE_LOOP_ANALYSIS = YES;
				CLANG_WARN_STRICT_PROTOTYPES = YES;
				CLANG_WARN_SUSPICIOUS_MOVE = YES;
				CLANG_WARN_UNGUARDED_AVAILABILITY = YES_AGGRESSIVE;
				CLANG_WARN_UNREACHABLE_CODE = YES;
				CLANG_WARN__DUPLICATE_METHOD_MATCH = YES;
				COPY_PHASE_STRIP = NO;
				DEBUG_INFORMATION_FORMAT = dwarf;
				ENABLE_STRICT_OBJC_MSGSEND = YES;
				ENABLE_TESTABILITY = YES;
				GCC_C_LANGUAGE_STANDARD = gnu11;
				GCC_DYNAMIC_NO_PIC = NO;
				GCC_NO_COMMON_BLOCKS = YES;
				GCC_OPTIMIZATION_LEVEL = 0;
				GCC_PREPROCESSOR_DEFINITIONS = (
					"DEBUG=1",
					"$(inherited)",
				);
				GCC_WARN_64_TO_32_BIT_CONVERSION = YES;
				GCC_WARN_ABOUT_RETURN_TYPE = YES_ERROR;
				GCC_WARN_UNDECLARED_SELECTOR = YES;
				GCC_WARN_UNINITIALIZED_AUTOS = YES_AGGRESSIVE;
				GCC_WARN_UNUSED_FUNCTION = YES;
				GCC_WARN_UNUSED_VARIABLE = YES;
				IPHONEOS_DEPLOYMENT_TARGET = 15.0;
				MTL_ENABLE_DEBUG_INFO = INCLUDE_SOURCE;
				MTL_FAST_MATH = YES;
				ONLY_ACTIVE_ARCH = YES;
				SDKROOT = iphoneos;
				SWIFT_ACTIVE_COMPILATION_CONDITIONS = DEBUG;
				SWIFT_OPTIMIZATION_LEVEL = "-Onone";
			};
			name = Debug;
		};
		060295FF273C077E00241D1E /* Release */ = {
			isa = XCBuildConfiguration;
			buildSettings = {
				ALWAYS_SEARCH_USER_PATHS = NO;
				CLANG_ANALYZER_NONNULL = YES;
				CLANG_ANALYZER_NUMBER_OBJECT_CONVERSION = YES_AGGRESSIVE;
				CLANG_CXX_LANGUAGE_STANDARD = "gnu++17";
				CLANG_CXX_LIBRARY = "libc++";
				CLANG_ENABLE_MODULES = YES;
				CLANG_ENABLE_OBJC_ARC = YES;
				CLANG_ENABLE_OBJC_WEAK = YES;
				CLANG_WARN_BLOCK_CAPTURE_AUTORELEASING = YES;
				CLANG_WARN_BOOL_CONVERSION = YES;
				CLANG_WARN_COMMA = YES;
				CLANG_WARN_CONSTANT_CONVERSION = YES;
				CLANG_WARN_DEPRECATED_OBJC_IMPLEMENTATIONS = YES;
				CLANG_WARN_DIRECT_OBJC_ISA_USAGE = YES_ERROR;
				CLANG_WARN_DOCUMENTATION_COMMENTS = YES;
				CLANG_WARN_EMPTY_BODY = YES;
				CLANG_WARN_ENUM_CONVERSION = YES;
				CLANG_WARN_INFINITE_RECURSION = YES;
				CLANG_WARN_INT_CONVERSION = YES;
				CLANG_WARN_NON_LITERAL_NULL_CONVERSION = YES;
				CLANG_WARN_OBJC_IMPLICIT_RETAIN_SELF = YES;
				CLANG_WARN_OBJC_LITERAL_CONVERSION = YES;
				CLANG_WARN_OBJC_ROOT_CLASS = YES_ERROR;
				CLANG_WARN_QUOTED_INCLUDE_IN_FRAMEWORK_HEADER = YES;
				CLANG_WARN_RANGE_LOOP_ANALYSIS = YES;
				CLANG_WARN_STRICT_PROTOTYPES = YES;
				CLANG_WARN_SUSPICIOUS_MOVE = YES;
				CLANG_WARN_UNGUARDED_AVAILABILITY = YES_AGGRESSIVE;
				CLANG_WARN_UNREACHABLE_CODE = YES;
				CLANG_WARN__DUPLICATE_METHOD_MATCH = YES;
				COPY_PHASE_STRIP = NO;
				DEBUG_INFORMATION_FORMAT = "dwarf-with-dsym";
				ENABLE_NS_ASSERTIONS = NO;
				ENABLE_STRICT_OBJC_MSGSEND = YES;
				GCC_C_LANGUAGE_STANDARD = gnu11;
				GCC_NO_COMMON_BLOCKS = YES;
				GCC_WARN_64_TO_32_BIT_CONVERSION = YES;
				GCC_WARN_ABOUT_RETURN_TYPE = YES_ERROR;
				GCC_WARN_UNDECLARED_SELECTOR = YES;
				GCC_WARN_UNINITIALIZED_AUTOS = YES_AGGRESSIVE;
				GCC_WARN_UNUSED_FUNCTION = YES;
				GCC_WARN_UNUSED_VARIABLE = YES;
				IPHONEOS_DEPLOYMENT_TARGET = 15.0;
				MTL_ENABLE_DEBUG_INFO = NO;
				MTL_FAST_MATH = YES;
				SDKROOT = iphoneos;
				SWIFT_COMPILATION_MODE = wholemodule;
				SWIFT_OPTIMIZATION_LEVEL = "-O";
				VALIDATE_PRODUCT = YES;
			};
			name = Release;
		};
		06029601273C077E00241D1E /* Debug */ = {
			isa = XCBuildConfiguration;
			buildSettings = {
				ASSETCATALOG_COMPILER_APPICON_NAME = AppIcon;
				ASSETCATALOG_COMPILER_GLOBAL_ACCENT_COLOR_NAME = AccentColor;
				CODE_SIGN_STYLE = Automatic;
				CURRENT_PROJECT_VERSION = 1;
				DEVELOPMENT_TEAM = R8Z5KNL8KD;
				GENERATE_INFOPLIST_FILE = YES;
				INFOPLIST_FILE = "WeatherApp/Supporting files/Info.plist";
				INFOPLIST_KEY_UIApplicationSupportsIndirectInputEvents = YES;
				INFOPLIST_KEY_UILaunchStoryboardName = LaunchScreen;
				INFOPLIST_KEY_UIMainStoryboardFile = Main;
				INFOPLIST_KEY_UISupportedInterfaceOrientations_iPad = "UIInterfaceOrientationPortrait UIInterfaceOrientationPortraitUpsideDown UIInterfaceOrientationLandscapeLeft UIInterfaceOrientationLandscapeRight";
				INFOPLIST_KEY_UISupportedInterfaceOrientations_iPhone = "UIInterfaceOrientationPortrait UIInterfaceOrientationLandscapeLeft UIInterfaceOrientationLandscapeRight";
				LD_RUNPATH_SEARCH_PATHS = (
					"$(inherited)",
					"@executable_path/Frameworks",
				);
				MARKETING_VERSION = 1.0;
				PRODUCT_BUNDLE_IDENTIFIER = "ru.m-d-a.WeatherApp";
				PRODUCT_NAME = "$(TARGET_NAME)";
				SWIFT_EMIT_LOC_STRINGS = YES;
				SWIFT_VERSION = 5.0;
				TARGETED_DEVICE_FAMILY = "1,2";
			};
			name = Debug;
		};
		06029602273C077E00241D1E /* Release */ = {
			isa = XCBuildConfiguration;
			buildSettings = {
				ASSETCATALOG_COMPILER_APPICON_NAME = AppIcon;
				ASSETCATALOG_COMPILER_GLOBAL_ACCENT_COLOR_NAME = AccentColor;
				CODE_SIGN_STYLE = Automatic;
				CURRENT_PROJECT_VERSION = 1;
				DEVELOPMENT_TEAM = R8Z5KNL8KD;
				GENERATE_INFOPLIST_FILE = YES;
				INFOPLIST_FILE = "WeatherApp/Supporting files/Info.plist";
				INFOPLIST_KEY_UIApplicationSupportsIndirectInputEvents = YES;
				INFOPLIST_KEY_UILaunchStoryboardName = LaunchScreen;
				INFOPLIST_KEY_UIMainStoryboardFile = Main;
				INFOPLIST_KEY_UISupportedInterfaceOrientations_iPad = "UIInterfaceOrientationPortrait UIInterfaceOrientationPortraitUpsideDown UIInterfaceOrientationLandscapeLeft UIInterfaceOrientationLandscapeRight";
				INFOPLIST_KEY_UISupportedInterfaceOrientations_iPhone = "UIInterfaceOrientationPortrait UIInterfaceOrientationLandscapeLeft UIInterfaceOrientationLandscapeRight";
				LD_RUNPATH_SEARCH_PATHS = (
					"$(inherited)",
					"@executable_path/Frameworks",
				);
				MARKETING_VERSION = 1.0;
				PRODUCT_BUNDLE_IDENTIFIER = "ru.m-d-a.WeatherApp";
				PRODUCT_NAME = "$(TARGET_NAME)";
				SWIFT_EMIT_LOC_STRINGS = YES;
				SWIFT_VERSION = 5.0;
				TARGETED_DEVICE_FAMILY = "1,2";
			};
			name = Release;
		};
/* End XCBuildConfiguration section */

/* Begin XCConfigurationList section */
		060295E7273C077C00241D1E /* Build configuration list for PBXProject "WeatherApp" */ = {
			isa = XCConfigurationList;
			buildConfigurations = (
				060295FE273C077E00241D1E /* Debug */,
				060295FF273C077E00241D1E /* Release */,
			);
			defaultConfigurationIsVisible = 0;
			defaultConfigurationName = Release;
		};
		06029600273C077E00241D1E /* Build configuration list for PBXNativeTarget "WeatherApp" */ = {
			isa = XCConfigurationList;
			buildConfigurations = (
				06029601273C077E00241D1E /* Debug */,
				06029602273C077E00241D1E /* Release */,
			);
			defaultConfigurationIsVisible = 0;
			defaultConfigurationName = Release;
		};
/* End XCConfigurationList section */
	};
	rootObject = 060295E4273C077C00241D1E /* Project object */;
}
